// !$*UTF8*$!
{
	archiveVersion = 1;
	classes = {
	};
	objectVersion = 77;
	objects = {

/* Begin PBXBuildFile section */
		8E2874AB2E94269400A8CDF6 /* ReverseString.swift in Sources */ = {isa = PBXBuildFile; fileRef = 8E2874A72E94269400A8CDF6 /* ReverseString.swift */; };
		8E2874AC2E94269400A8CDF6 /* TwoSum.swift in Sources */ = {isa = PBXBuildFile; fileRef = 8E2874A82E94269400A8CDF6 /* TwoSum.swift */; };
		8E2874AE2E957C7800A8CDF6 /* ReverseVowelsOfAString.swift in Sources */ = {isa = PBXBuildFile; fileRef = 8E2874AD2E957C7800A8CDF6 /* ReverseVowelsOfAString.swift */; };
		8E3E4E8D2E9BFE2D005AAE2D /* PalindromeNumber.swift in Sources */ = {isa = PBXBuildFile; fileRef = 8E3E4E8C2E9BFE2D005AAE2D /* PalindromeNumber.swift */; };
		8EFFB4802E8AE73C00ADF8C5 /* Assets.xcassets in Resources */ = {isa = PBXBuildFile; fileRef = 8EFFB47B2E8AE73C00ADF8C5 /* Assets.xcassets */; };
		8EFFB4812E8AE73C00ADF8C5 /* FizzBuzz.swift in Sources */ = {isa = PBXBuildFile; fileRef = 8EFFB4722E8AE73C00ADF8C5 /* FizzBuzz.swift */; };
		8EFFB4822E8AE73C00ADF8C5 /* MiddleOfLinkedList.swift in Sources */ = {isa = PBXBuildFile; fileRef = 8EFFB4732E8AE73C00ADF8C5 /* MiddleOfLinkedList.swift */; };
		8EFFB4832E8AE73C00ADF8C5 /* RansomNote.swift in Sources */ = {isa = PBXBuildFile; fileRef = 8EFFB4742E8AE73C00ADF8C5 /* RansomNote.swift */; };
		8EFFB4842E8AE73C00ADF8C5 /* ReducedToZero.swift in Sources */ = {isa = PBXBuildFile; fileRef = 8EFFB4752E8AE73C00ADF8C5 /* ReducedToZero.swift */; };
		8EFFB4852E8AE73C00ADF8C5 /* RichestCustomer.swift in Sources */ = {isa = PBXBuildFile; fileRef = 8EFFB4762E8AE73C00ADF8C5 /* RichestCustomer.swift */; };
		8EFFB4862E8AE73C00ADF8C5 /* ListNode.swift in Sources */ = {isa = PBXBuildFile; fileRef = 8EFFB4792E8AE73C00ADF8C5 /* ListNode.swift */; };
		8EFFB4872E8AE73C00ADF8C5 /* ContentView.swift in Sources */ = {isa = PBXBuildFile; fileRef = 8EFFB47C2E8AE73C00ADF8C5 /* ContentView.swift */; };
		8EFFB4882E8AE73C00ADF8C5 /* GrokkingApp.swift in Sources */ = {isa = PBXBuildFile; fileRef = 8EFFB47E2E8AE73C00ADF8C5 /* GrokkingApp.swift */; };
		8EFFB48B2E8AE74000ADF8C5 /* GrokkingTests.swift in Sources */ = {isa = PBXBuildFile; fileRef = 8EFFB4892E8AE74000ADF8C5 /* GrokkingTests.swift */; };
		8EFFB48F2E8AE74400ADF8C5 /* GrokkingUITests.swift in Sources */ = {isa = PBXBuildFile; fileRef = 8EFFB48C2E8AE74400ADF8C5 /* GrokkingUITests.swift */; };
		8EFFB4902E8AE74400ADF8C5 /* GrokkingUITestsLaunchTests.swift in Sources */ = {isa = PBXBuildFile; fileRef = 8EFFB48D2E8AE74400ADF8C5 /* GrokkingUITestsLaunchTests.swift */; };
/* End PBXBuildFile section */

/* Begin PBXContainerItemProxy section */
		8EF3EFA92E7876190082EB25 /* PBXContainerItemProxy */ = {
			isa = PBXContainerItemProxy;
			containerPortal = 8EF3EF922E7876160082EB25 /* Project object */;
			proxyType = 1;
			remoteGlobalIDString = 8EF3EF992E7876160082EB25;
			remoteInfo = Grokking;
		};
		8EF3EFB32E7876190082EB25 /* PBXContainerItemProxy */ = {
			isa = PBXContainerItemProxy;
			containerPortal = 8EF3EF922E7876160082EB25 /* Project object */;
			proxyType = 1;
			remoteGlobalIDString = 8EF3EF992E7876160082EB25;
			remoteInfo = Grokking;
		};
/* End PBXContainerItemProxy section */

/* Begin PBXFileReference section */
		8E2874A62E94266B00A8CDF6 /* AGENT.md */ = {isa = PBXFileReference; lastKnownFileType = net.daringfireball.markdown; path = AGENT.md; sourceTree = "<group>"; };
		8E2874A72E94269400A8CDF6 /* ReverseString.swift */ = {isa = PBXFileReference; lastKnownFileType = sourcecode.swift; path = ReverseString.swift; sourceTree = "<group>"; };
		8E2874A82E94269400A8CDF6 /* TwoSum.swift */ = {isa = PBXFileReference; lastKnownFileType = sourcecode.swift; path = TwoSum.swift; sourceTree = "<group>"; };
		8E2874AD2E957C7800A8CDF6 /* ReverseVowelsOfAString.swift */ = {isa = PBXFileReference; lastKnownFileType = sourcecode.swift; path = ReverseVowelsOfAString.swift; sourceTree = "<group>"; };
		8E3E4E8C2E9BFE2D005AAE2D /* PalindromeNumber.swift */ = {isa = PBXFileReference; lastKnownFileType = sourcecode.swift; path = PalindromeNumber.swift; sourceTree = "<group>"; };
		8EF3EF9A2E7876160082EB25 /* Grokking.app */ = {isa = PBXFileReference; explicitFileType = wrapper.application; includeInIndex = 0; path = Grokking.app; sourceTree = BUILT_PRODUCTS_DIR; };
		8EF3EFA82E7876190082EB25 /* GrokkingTests.xctest */ = {isa = PBXFileReference; explicitFileType = wrapper.cfbundle; includeInIndex = 0; path = GrokkingTests.xctest; sourceTree = BUILT_PRODUCTS_DIR; };
		8EF3EFB22E7876190082EB25 /* GrokkingUITests.xctest */ = {isa = PBXFileReference; explicitFileType = wrapper.cfbundle; includeInIndex = 0; path = GrokkingUITests.xctest; sourceTree = BUILT_PRODUCTS_DIR; };
		8EFFB4722E8AE73C00ADF8C5 /* FizzBuzz.swift */ = {isa = PBXFileReference; lastKnownFileType = sourcecode.swift; path = FizzBuzz.swift; sourceTree = "<group>"; };
		8EFFB4732E8AE73C00ADF8C5 /* MiddleOfLinkedList.swift */ = {isa = PBXFileReference; lastKnownFileType = sourcecode.swift; path = MiddleOfLinkedList.swift; sourceTree = "<group>"; };
		8EFFB4742E8AE73C00ADF8C5 /* RansomNote.swift */ = {isa = PBXFileReference; lastKnownFileType = sourcecode.swift; path = RansomNote.swift; sourceTree = "<group>"; };
		8EFFB4752E8AE73C00ADF8C5 /* ReducedToZero.swift */ = {isa = PBXFileReference; lastKnownFileType = sourcecode.swift; path = ReducedToZero.swift; sourceTree = "<group>"; };
		8EFFB4762E8AE73C00ADF8C5 /* RichestCustomer.swift */ = {isa = PBXFileReference; lastKnownFileType = sourcecode.swift; path = RichestCustomer.swift; sourceTree = "<group>"; };
		8EFFB4792E8AE73C00ADF8C5 /* ListNode.swift */ = {isa = PBXFileReference; lastKnownFileType = sourcecode.swift; path = ListNode.swift; sourceTree = "<group>"; };
		8EFFB47B2E8AE73C00ADF8C5 /* Assets.xcassets */ = {isa = PBXFileReference; lastKnownFileType = folder.assetcatalog; path = Assets.xcassets; sourceTree = "<group>"; };
		8EFFB47C2E8AE73C00ADF8C5 /* ContentView.swift */ = {isa = PBXFileReference; lastKnownFileType = sourcecode.swift; path = ContentView.swift; sourceTree = "<group>"; };
		8EFFB47D2E8AE73C00ADF8C5 /* Grokking.entitlements */ = {isa = PBXFileReference; lastKnownFileType = text.plist.entitlements; path = Grokking.entitlements; sourceTree = "<group>"; };
		8EFFB47E2E8AE73C00ADF8C5 /* GrokkingApp.swift */ = {isa = PBXFileReference; lastKnownFileType = sourcecode.swift; path = GrokkingApp.swift; sourceTree = "<group>"; };
		8EFFB4892E8AE74000ADF8C5 /* GrokkingTests.swift */ = {isa = PBXFileReference; lastKnownFileType = sourcecode.swift; path = GrokkingTests.swift; sourceTree = "<group>"; };
		8EFFB48C2E8AE74400ADF8C5 /* GrokkingUITests.swift */ = {isa = PBXFileReference; lastKnownFileType = sourcecode.swift; path = GrokkingUITests.swift; sourceTree = "<group>"; };
		8EFFB48D2E8AE74400ADF8C5 /* GrokkingUITestsLaunchTests.swift */ = {isa = PBXFileReference; lastKnownFileType = sourcecode.swift; path = GrokkingUITestsLaunchTests.swift; sourceTree = "<group>"; };
/* End PBXFileReference section */

/* Begin PBXFrameworksBuildPhase section */
		8EF3EF972E7876160082EB25 /* Frameworks */ = {
			isa = PBXFrameworksBuildPhase;
			buildActionMask = 2147483647;
			files = (
			);
			runOnlyForDeploymentPostprocessing = 0;
		};
		8EF3EFA52E7876190082EB25 /* Frameworks */ = {
			isa = PBXFrameworksBuildPhase;
			buildActionMask = 2147483647;
			files = (
			);
			runOnlyForDeploymentPostprocessing = 0;
		};
		8EF3EFAF2E7876190082EB25 /* Frameworks */ = {
			isa = PBXFrameworksBuildPhase;
			buildActionMask = 2147483647;
			files = (
			);
			runOnlyForDeploymentPostprocessing = 0;
		};
/* End PBXFrameworksBuildPhase section */

/* Begin PBXGroup section */
		8E2874A92E94269400A8CDF6 /* Easy */ = {
			isa = PBXGroup;
			children = (
				8E3E4E8C2E9BFE2D005AAE2D /* PalindromeNumber.swift */,
				8E2874AD2E957C7800A8CDF6 /* ReverseVowelsOfAString.swift */,
				8E2874A72E94269400A8CDF6 /* ReverseString.swift */,
				8E2874A82E94269400A8CDF6 /* TwoSum.swift */,
			);
			path = Easy;
			sourceTree = "<group>";
		};
		8E2874AA2E94269400A8CDF6 /* LeetSheet */ = {
			isa = PBXGroup;
			children = (
				8E2874A92E94269400A8CDF6 /* Easy */,
			);
			path = LeetSheet;
			sourceTree = "<group>";
		};
		8EF3EF912E7876160082EB25 = {
			isa = PBXGroup;
			children = (
				8E2874A62E94266B00A8CDF6 /* AGENT.md */,
				8EFFB4782E8AE73C00ADF8C5 /* LeetCode */,
				8EFFB47F2E8AE73C00ADF8C5 /* Grokking */,
				8EFFB48A2E8AE74000ADF8C5 /* GrokkingTests */,
				8EFFB48E2E8AE74400ADF8C5 /* GrokkingUITests */,
				8EF3EF9B2E7876160082EB25 /* Products */,
			);
			sourceTree = "<group>";
		};
		8EF3EF9B2E7876160082EB25 /* Products */ = {
			isa = PBXGroup;
			children = (
				8EF3EF9A2E7876160082EB25 /* Grokking.app */,
				8EF3EFA82E7876190082EB25 /* GrokkingTests.xctest */,
				8EF3EFB22E7876190082EB25 /* GrokkingUITests.xctest */,
			);
			name = Products;
			sourceTree = "<group>";
		};
		8EFFB4772E8AE73C00ADF8C5 /* GetStarted */ = {
			isa = PBXGroup;
			children = (
				8EFFB4722E8AE73C00ADF8C5 /* FizzBuzz.swift */,
				8EFFB4732E8AE73C00ADF8C5 /* MiddleOfLinkedList.swift */,
				8EFFB4742E8AE73C00ADF8C5 /* RansomNote.swift */,
				8EFFB4752E8AE73C00ADF8C5 /* ReducedToZero.swift */,
				8EFFB4762E8AE73C00ADF8C5 /* RichestCustomer.swift */,
			);
			path = GetStarted;
			sourceTree = "<group>";
		};
		8EFFB4782E8AE73C00ADF8C5 /* LeetCode */ = {
			isa = PBXGroup;
			children = (
				8E2874AA2E94269400A8CDF6 /* LeetSheet */,
				8EFFB4772E8AE73C00ADF8C5 /* GetStarted */,
			);
			name = LeetCode;
			path = LeetCode;
			sourceTree = "<group>";
		};
		8EFFB47A2E8AE73C00ADF8C5 /* SupportingFiles */ = {
			isa = PBXGroup;
			children = (
				8EFFB4792E8AE73C00ADF8C5 /* ListNode.swift */,
			);
			path = SupportingFiles;
			sourceTree = "<group>";
		};
		8EFFB47F2E8AE73C00ADF8C5 /* Grokking */ = {
			isa = PBXGroup;
			children = (
				8EFFB47A2E8AE73C00ADF8C5 /* SupportingFiles */,
				8EFFB47B2E8AE73C00ADF8C5 /* Assets.xcassets */,
				8EFFB47C2E8AE73C00ADF8C5 /* ContentView.swift */,
				8EFFB47D2E8AE73C00ADF8C5 /* Grokking.entitlements */,
				8EFFB47E2E8AE73C00ADF8C5 /* GrokkingApp.swift */,
			);
			path = Grokking;
			sourceTree = "<group>";
		};
		8EFFB48A2E8AE74000ADF8C5 /* GrokkingTests */ = {
			isa = PBXGroup;
			children = (
				8EFFB4892E8AE74000ADF8C5 /* GrokkingTests.swift */,
			);
			path = GrokkingTests;
			sourceTree = "<group>";
		};
		8EFFB48E2E8AE74400ADF8C5 /* GrokkingUITests */ = {
			isa = PBXGroup;
			children = (
				8EFFB48C2E8AE74400ADF8C5 /* GrokkingUITests.swift */,
				8EFFB48D2E8AE74400ADF8C5 /* GrokkingUITestsLaunchTests.swift */,
			);
			path = GrokkingUITests;
			sourceTree = "<group>";
		};
/* End PBXGroup section */

/* Begin PBXNativeTarget section */
		8EF3EF992E7876160082EB25 /* Grokking */ = {
			isa = PBXNativeTarget;
			buildConfigurationList = 8EF3EFBC2E7876190082EB25 /* Build configuration list for PBXNativeTarget "Grokking" */;
			buildPhases = (
				8EF3EF962E7876160082EB25 /* Sources */,
				8EF3EF972E7876160082EB25 /* Frameworks */,
				8EF3EF982E7876160082EB25 /* Resources */,
			);
			buildRules = (
			);
			dependencies = (
			);
			name = Grokking;
			packageProductDependencies = (
			);
			productName = Grokking;
			productReference = 8EF3EF9A2E7876160082EB25 /* Grokking.app */;
			productType = "com.apple.product-type.application";
		};
		8EF3EFA72E7876190082EB25 /* GrokkingTests */ = {
			isa = PBXNativeTarget;
			buildConfigurationList = 8EF3EFBF2E7876190082EB25 /* Build configuration list for PBXNativeTarget "GrokkingTests" */;
			buildPhases = (
				8EF3EFA42E7876190082EB25 /* Sources */,
				8EF3EFA52E7876190082EB25 /* Frameworks */,
				8EF3EFA62E7876190082EB25 /* Resources */,
			);
			buildRules = (
			);
			dependencies = (
				8EF3EFAA2E7876190082EB25 /* PBXTargetDependency */,
			);
			name = GrokkingTests;
			packageProductDependencies = (
			);
			productName = GrokkingTests;
			productReference = 8EF3EFA82E7876190082EB25 /* GrokkingTests.xctest */;
			productType = "com.apple.product-type.bundle.unit-test";
		};
		8EF3EFB12E7876190082EB25 /* GrokkingUITests */ = {
			isa = PBXNativeTarget;
			buildConfigurationList = 8EF3EFC22E7876190082EB25 /* Build configuration list for PBXNativeTarget "GrokkingUITests" */;
			buildPhases = (
				8EF3EFAE2E7876190082EB25 /* Sources */,
				8EF3EFAF2E7876190082EB25 /* Frameworks */,
				8EF3EFB02E7876190082EB25 /* Resources */,
			);
			buildRules = (
			);
			dependencies = (
				8EF3EFB42E7876190082EB25 /* PBXTargetDependency */,
			);
			name = GrokkingUITests;
			packageProductDependencies = (
			);
			productName = GrokkingUITests;
			productReference = 8EF3EFB22E7876190082EB25 /* GrokkingUITests.xctest */;
			productType = "com.apple.product-type.bundle.ui-testing";
		};
/* End PBXNativeTarget section */

/* Begin PBXProject section */
		8EF3EF922E7876160082EB25 /* Project object */ = {
			isa = PBXProject;
			attributes = {
				BuildIndependentTargetsInParallel = 1;
				LastSwiftUpdateCheck = 1640;
				LastUpgradeCheck = 1640;
				TargetAttributes = {
					8EF3EF992E7876160082EB25 = {
						CreatedOnToolsVersion = 16.4;
					};
					8EF3EFA72E7876190082EB25 = {
						CreatedOnToolsVersion = 16.4;
						TestTargetID = 8EF3EF992E7876160082EB25;
					};
					8EF3EFB12E7876190082EB25 = {
						CreatedOnToolsVersion = 16.4;
						TestTargetID = 8EF3EF992E7876160082EB25;
					};
				};
			};
			buildConfigurationList = 8EF3EF952E7876160082EB25 /* Build configuration list for PBXProject "Grokking" */;
			developmentRegion = en;
			hasScannedForEncodings = 0;
			knownRegions = (
				en,
				Base,
			);
			mainGroup = 8EF3EF912E7876160082EB25;
			minimizedProjectReferenceProxies = 1;
			preferredProjectObjectVersion = 77;
			productRefGroup = 8EF3EF9B2E7876160082EB25 /* Products */;
			projectDirPath = "";
			projectRoot = "";
			targets = (
				8EF3EF992E7876160082EB25 /* Grokking */,
				8EF3EFA72E7876190082EB25 /* GrokkingTests */,
				8EF3EFB12E7876190082EB25 /* GrokkingUITests */,
			);
		};
/* End PBXProject section */

/* Begin PBXResourcesBuildPhase section */
		8EF3EF982E7876160082EB25 /* Resources */ = {
			isa = PBXResourcesBuildPhase;
			buildActionMask = 2147483647;
			files = (
				8EFFB4802E8AE73C00ADF8C5 /* Assets.xcassets in Resources */,
			);
			runOnlyForDeploymentPostprocessing = 0;
		};
		8EF3EFA62E7876190082EB25 /* Resources */ = {
			isa = PBXResourcesBuildPhase;
			buildActionMask = 2147483647;
			files = (
			);
			runOnlyForDeploymentPostprocessing = 0;
		};
		8EF3EFB02E7876190082EB25 /* Resources */ = {
			isa = PBXResourcesBuildPhase;
			buildActionMask = 2147483647;
			files = (
			);
			runOnlyForDeploymentPostprocessing = 0;
		};
/* End PBXResourcesBuildPhase section */

/* Begin PBXSourcesBuildPhase section */
		8EF3EF962E7876160082EB25 /* Sources */ = {
			isa = PBXSourcesBuildPhase;
			buildActionMask = 2147483647;
			files = (
				8EFFB4812E8AE73C00ADF8C5 /* FizzBuzz.swift in Sources */,
				8E2874AB2E94269400A8CDF6 /* ReverseString.swift in Sources */,
				8E2874AE2E957C7800A8CDF6 /* ReverseVowelsOfAString.swift in Sources */,
				8E2874AC2E94269400A8CDF6 /* TwoSum.swift in Sources */,
				8EFFB4822E8AE73C00ADF8C5 /* MiddleOfLinkedList.swift in Sources */,
				8EFFB4832E8AE73C00ADF8C5 /* RansomNote.swift in Sources */,
				8EFFB4842E8AE73C00ADF8C5 /* ReducedToZero.swift in Sources */,
				8EFFB4852E8AE73C00ADF8C5 /* RichestCustomer.swift in Sources */,
				8EFFB4862E8AE73C00ADF8C5 /* ListNode.swift in Sources */,
				8E3E4E8D2E9BFE2D005AAE2D /* PalindromeNumber.swift in Sources */,
				8EFFB4872E8AE73C00ADF8C5 /* ContentView.swift in Sources */,
				8EFFB4882E8AE73C00ADF8C5 /* GrokkingApp.swift in Sources */,
			);
			runOnlyForDeploymentPostprocessing = 0;
		};
		8EF3EFA42E7876190082EB25 /* Sources */ = {
			isa = PBXSourcesBuildPhase;
			buildActionMask = 2147483647;
			files = (
				8EFFB48B2E8AE74000ADF8C5 /* GrokkingTests.swift in Sources */,
			);
			runOnlyForDeploymentPostprocessing = 0;
		};
		8EF3EFAE2E7876190082EB25 /* Sources */ = {
			isa = PBXSourcesBuildPhase;
			buildActionMask = 2147483647;
			files = (
				8EFFB48F2E8AE74400ADF8C5 /* GrokkingUITests.swift in Sources */,
				8EFFB4902E8AE74400ADF8C5 /* GrokkingUITestsLaunchTests.swift in Sources */,
			);
			runOnlyForDeploymentPostprocessing = 0;
		};
/* End PBXSourcesBuildPhase section */

/* Begin PBXTargetDependency section */
		8EF3EFAA2E7876190082EB25 /* PBXTargetDependency */ = {
			isa = PBXTargetDependency;
			target = 8EF3EF992E7876160082EB25 /* Grokking */;
			targetProxy = 8EF3EFA92E7876190082EB25 /* PBXContainerItemProxy */;
		};
		8EF3EFB42E7876190082EB25 /* PBXTargetDependency */ = {
			isa = PBXTargetDependency;
			target = 8EF3EF992E7876160082EB25 /* Grokking */;
			targetProxy = 8EF3EFB32E7876190082EB25 /* PBXContainerItemProxy */;
		};
/* End PBXTargetDependency section */

/* Begin XCBuildConfiguration section */
		8EF3EFBA2E7876190082EB25 /* Debug */ = {
			isa = XCBuildConfiguration;
			buildSettings = {
				ALWAYS_SEARCH_USER_PATHS = NO;
				ASSETCATALOG_COMPILER_GENERATE_SWIFT_ASSET_SYMBOL_EXTENSIONS = YES;
				CLANG_ANALYZER_NONNULL = YES;
				CLANG_ANALYZER_NUMBER_OBJECT_CONVERSION = YES_AGGRESSIVE;
				CLANG_CXX_LANGUAGE_STANDARD = "gnu++20";
				CLANG_ENABLE_MODULES = YES;
				CLANG_ENABLE_OBJC_ARC = YES;
				CLANG_ENABLE_OBJC_WEAK = YES;
				CLANG_WARN_BLOCK_CAPTURE_AUTORELEASING = YES;
				CLANG_WARN_BOOL_CONVERSION = YES;
				CLANG_WARN_COMMA = YES;
				CLANG_WARN_CONSTANT_CONVERSION = YES;
				CLANG_WARN_DEPRECATED_OBJC_IMPLEMENTATIONS = YES;
				CLANG_WARN_DIRECT_OBJC_ISA_USAGE = YES_ERROR;
				CLANG_WARN_DOCUMENTATION_COMMENTS = YES;
				CLANG_WARN_EMPTY_BODY = YES;
				CLANG_WARN_ENUM_CONVERSION = YES;
				CLANG_WARN_INFINITE_RECURSION = YES;
				CLANG_WARN_INT_CONVERSION = YES;
				CLANG_WARN_NON_LITERAL_NULL_CONVERSION = YES;
				CLANG_WARN_OBJC_IMPLICIT_RETAIN_SELF = YES;
				CLANG_WARN_OBJC_LITERAL_CONVERSION = YES;
				CLANG_WARN_OBJC_ROOT_CLASS = YES_ERROR;
				CLANG_WARN_QUOTED_INCLUDE_IN_FRAMEWORK_HEADER = YES;
				CLANG_WARN_RANGE_LOOP_ANALYSIS = YES;
				CLANG_WARN_STRICT_PROTOTYPES = YES;
				CLANG_WARN_SUSPICIOUS_MOVE = YES;
				CLANG_WARN_UNGUARDED_AVAILABILITY = YES_AGGRESSIVE;
				CLANG_WARN_UNREACHABLE_CODE = YES;
				CLANG_WARN__DUPLICATE_METHOD_MATCH = YES;
				COPY_PHASE_STRIP = NO;
				DEBUG_INFORMATION_FORMAT = dwarf;
				ENABLE_STRICT_OBJC_MSGSEND = YES;
				ENABLE_TESTABILITY = YES;
				ENABLE_USER_SCRIPT_SANDBOXING = YES;
				GCC_C_LANGUAGE_STANDARD = gnu17;
				GCC_DYNAMIC_NO_PIC = NO;
				GCC_NO_COMMON_BLOCKS = YES;
				GCC_OPTIMIZATION_LEVEL = 0;
				GCC_PREPROCESSOR_DEFINITIONS = (
					"DEBUG=1",
					"$(inherited)",
				);
				GCC_WARN_64_TO_32_BIT_CONVERSION = YES;
				GCC_WARN_ABOUT_RETURN_TYPE = YES_ERROR;
				GCC_WARN_UNDECLARED_SELECTOR = YES;
				GCC_WARN_UNINITIALIZED_AUTOS = YES_AGGRESSIVE;
				GCC_WARN_UNUSED_FUNCTION = YES;
				GCC_WARN_UNUSED_VARIABLE = YES;
				LOCALIZATION_PREFERS_STRING_CATALOGS = YES;
				MTL_ENABLE_DEBUG_INFO = INCLUDE_SOURCE;
				MTL_FAST_MATH = YES;
				ONLY_ACTIVE_ARCH = YES;
				SWIFT_ACTIVE_COMPILATION_CONDITIONS = "DEBUG $(inherited)";
				SWIFT_OPTIMIZATION_LEVEL = "-Onone";
			};
			name = Debug;
		};
		8EF3EFBB2E7876190082EB25 /* Release */ = {
			isa = XCBuildConfiguration;
			buildSettings = {
				ALWAYS_SEARCH_USER_PATHS = NO;
				ASSETCATALOG_COMPILER_GENERATE_SWIFT_ASSET_SYMBOL_EXTENSIONS = YES;
				CLANG_ANALYZER_NONNULL = YES;
				CLANG_ANALYZER_NUMBER_OBJECT_CONVERSION = YES_AGGRESSIVE;
				CLANG_CXX_LANGUAGE_STANDARD = "gnu++20";
				CLANG_ENABLE_MODULES = YES;
				CLANG_ENABLE_OBJC_ARC = YES;
				CLANG_ENABLE_OBJC_WEAK = YES;
				CLANG_WARN_BLOCK_CAPTURE_AUTORELEASING = YES;
				CLANG_WARN_BOOL_CONVERSION = YES;
				CLANG_WARN_COMMA = YES;
				CLANG_WARN_CONSTANT_CONVERSION = YES;
				CLANG_WARN_DEPRECATED_OBJC_IMPLEMENTATIONS = YES;
				CLANG_WARN_DIRECT_OBJC_ISA_USAGE = YES_ERROR;
				CLANG_WARN_DOCUMENTATION_COMMENTS = YES;
				CLANG_WARN_EMPTY_BODY = YES;
				CLANG_WARN_ENUM_CONVERSION = YES;
				CLANG_WARN_INFINITE_RECURSION = YES;
				CLANG_WARN_INT_CONVERSION = YES;
				CLANG_WARN_NON_LITERAL_NULL_CONVERSION = YES;
				CLANG_WARN_OBJC_IMPLICIT_RETAIN_SELF = YES;
				CLANG_WARN_OBJC_LITERAL_CONVERSION = YES;
				CLANG_WARN_OBJC_ROOT_CLASS = YES_ERROR;
				CLANG_WARN_QUOTED_INCLUDE_IN_FRAMEWORK_HEADER = YES;
				CLANG_WARN_RANGE_LOOP_ANALYSIS = YES;
				CLANG_WARN_STRICT_PROTOTYPES = YES;
				CLANG_WARN_SUSPICIOUS_MOVE = YES;
				CLANG_WARN_UNGUARDED_AVAILABILITY = YES_AGGRESSIVE;
				CLANG_WARN_UNREACHABLE_CODE = YES;
				CLANG_WARN__DUPLICATE_METHOD_MATCH = YES;
				COPY_PHASE_STRIP = NO;
				DEBUG_INFORMATION_FORMAT = "dwarf-with-dsym";
				ENABLE_NS_ASSERTIONS = NO;
				ENABLE_STRICT_OBJC_MSGSEND = YES;
				ENABLE_USER_SCRIPT_SANDBOXING = YES;
				GCC_C_LANGUAGE_STANDARD = gnu17;
				GCC_NO_COMMON_BLOCKS = YES;
				GCC_WARN_64_TO_32_BIT_CONVERSION = YES;
				GCC_WARN_ABOUT_RETURN_TYPE = YES_ERROR;
				GCC_WARN_UNDECLARED_SELECTOR = YES;
				GCC_WARN_UNINITIALIZED_AUTOS = YES_AGGRESSIVE;
				GCC_WARN_UNUSED_FUNCTION = YES;
				GCC_WARN_UNUSED_VARIABLE = YES;
				LOCALIZATION_PREFERS_STRING_CATALOGS = YES;
				MTL_ENABLE_DEBUG_INFO = NO;
				MTL_FAST_MATH = YES;
				SWIFT_COMPILATION_MODE = wholemodule;
			};
			name = Release;
		};
		8EF3EFBD2E7876190082EB25 /* Debug */ = {
			isa = XCBuildConfiguration;
			buildSettings = {
				ASSETCATALOG_COMPILER_APPICON_NAME = AppIcon;
				ASSETCATALOG_COMPILER_GLOBAL_ACCENT_COLOR_NAME = AccentColor;
				CODE_SIGN_ENTITLEMENTS = Grokking/Grokking.entitlements;
				CODE_SIGN_STYLE = Automatic;
				CURRENT_PROJECT_VERSION = 1;
				ENABLE_PREVIEWS = YES;
				GENERATE_INFOPLIST_FILE = YES;
				"INFOPLIST_KEY_UIApplicationSceneManifest_Generation[sdk=iphoneos*]" = YES;
				"INFOPLIST_KEY_UIApplicationSceneManifest_Generation[sdk=iphonesimulator*]" = YES;
				"INFOPLIST_KEY_UIApplicationSupportsIndirectInputEvents[sdk=iphoneos*]" = YES;
				"INFOPLIST_KEY_UIApplicationSupportsIndirectInputEvents[sdk=iphonesimulator*]" = YES;
				"INFOPLIST_KEY_UILaunchScreen_Generation[sdk=iphoneos*]" = YES;
				"INFOPLIST_KEY_UILaunchScreen_Generation[sdk=iphonesimulator*]" = YES;
				"INFOPLIST_KEY_UIStatusBarStyle[sdk=iphoneos*]" = UIStatusBarStyleDefault;
				"INFOPLIST_KEY_UIStatusBarStyle[sdk=iphonesimulator*]" = UIStatusBarStyleDefault;
				INFOPLIST_KEY_UISupportedInterfaceOrientations_iPad = "UIInterfaceOrientationPortrait UIInterfaceOrientationPortraitUpsideDown UIInterfaceOrientationLandscapeLeft UIInterfaceOrientationLandscapeRight";
				INFOPLIST_KEY_UISupportedInterfaceOrientations_iPhone = "UIInterfaceOrientationPortrait UIInterfaceOrientationLandscapeLeft UIInterfaceOrientationLandscapeRight";
				IPHONEOS_DEPLOYMENT_TARGET = 18.5;
				LD_RUNPATH_SEARCH_PATHS = "@executable_path/Frameworks";
				"LD_RUNPATH_SEARCH_PATHS[sdk=macosx*]" = "@executable_path/../Frameworks";
				MACOSX_DEPLOYMENT_TARGET = 15.5;
				MARKETING_VERSION = 1.0;
				PRODUCT_BUNDLE_IDENTIFIER = com.neophyte.Grokking;
				PRODUCT_NAME = "$(TARGET_NAME)";
				REGISTER_APP_GROUPS = YES;
				SDKROOT = auto;
				SUPPORTED_PLATFORMS = "iphoneos iphonesimulator macosx xros xrsimulator";
				SWIFT_EMIT_LOC_STRINGS = YES;
				SWIFT_VERSION = 5.0;
				TARGETED_DEVICE_FAMILY = "1,2,7";
				XROS_DEPLOYMENT_TARGET = 2.5;
			};
			name = Debug;
		};
		8EF3EFBE2E7876190082EB25 /* Release */ = {
			isa = XCBuildConfiguration;
			buildSettings = {
				ASSETCATALOG_COMPILER_APPICON_NAME = AppIcon;
				ASSETCATALOG_COMPILER_GLOBAL_ACCENT_COLOR_NAME = AccentColor;
				CODE_SIGN_ENTITLEMENTS = Grokking/Grokking.entitlements;
				CODE_SIGN_STYLE = Automatic;
				CURRENT_PROJECT_VERSION = 1;
				ENABLE_PREVIEWS = YES;
				GENERATE_INFOPLIST_FILE = YES;
				"INFOPLIST_KEY_UIApplicationSceneManifest_Generation[sdk=iphoneos*]" = YES;
				"INFOPLIST_KEY_UIApplicationSceneManifest_Generation[sdk=iphonesimulator*]" = YES;
				"INFOPLIST_KEY_UIApplicationSupportsIndirectInputEvents[sdk=iphoneos*]" = YES;
				"INFOPLIST_KEY_UIApplicationSupportsIndirectInputEvents[sdk=iphonesimulator*]" = YES;
				"INFOPLIST_KEY_UILaunchScreen_Generation[sdk=iphoneos*]" = YES;
				"INFOPLIST_KEY_UILaunchScreen_Generation[sdk=iphonesimulator*]" = YES;
				"INFOPLIST_KEY_UIStatusBarStyle[sdk=iphoneos*]" = UIStatusBarStyleDefault;
				"INFOPLIST_KEY_UIStatusBarStyle[sdk=iphonesimulator*]" = UIStatusBarStyleDefault;
				INFOPLIST_KEY_UISupportedInterfaceOrientations_iPad = "UIInterfaceOrientationPortrait UIInterfaceOrientationPortraitUpsideDown UIInterfaceOrientationLandscapeLeft UIInterfaceOrientationLandscapeRight";
				INFOPLIST_KEY_UISupportedInterfaceOrientations_iPhone = "UIInterfaceOrientationPortrait UIInterfaceOrientationLandscapeLeft UIInterfaceOrientationLandscapeRight";
				IPHONEOS_DEPLOYMENT_TARGET = 18.5;
				LD_RUNPATH_SEARCH_PATHS = "@executable_path/Frameworks";
				"LD_RUNPATH_SEARCH_PATHS[sdk=macosx*]" = "@executable_path/../Frameworks";
				MACOSX_DEPLOYMENT_TARGET = 15.5;
				MARKETING_VERSION = 1.0;
				PRODUCT_BUNDLE_IDENTIFIER = com.neophyte.Grokking;
				PRODUCT_NAME = "$(TARGET_NAME)";
				REGISTER_APP_GROUPS = YES;
				SDKROOT = auto;
				SUPPORTED_PLATFORMS = "iphoneos iphonesimulator macosx xros xrsimulator";
				SWIFT_EMIT_LOC_STRINGS = YES;
				SWIFT_VERSION = 5.0;
				TARGETED_DEVICE_FAMILY = "1,2,7";
				XROS_DEPLOYMENT_TARGET = 2.5;
			};
			name = Release;
		};
		8EF3EFC02E7876190082EB25 /* Debug */ = {
			isa = XCBuildConfiguration;
			buildSettings = {
				BUNDLE_LOADER = "$(TEST_HOST)";
				CODE_SIGN_STYLE = Automatic;
				CURRENT_PROJECT_VERSION = 1;
				GENERATE_INFOPLIST_FILE = YES;
				IPHONEOS_DEPLOYMENT_TARGET = 18.5;
				MACOSX_DEPLOYMENT_TARGET = 15.5;
				MARKETING_VERSION = 1.0;
				PRODUCT_BUNDLE_IDENTIFIER = com.neophyte.GrokkingTests;
				PRODUCT_NAME = "$(TARGET_NAME)";
				SDKROOT = auto;
				SUPPORTED_PLATFORMS = "iphoneos iphonesimulator macosx xros xrsimulator";
				SWIFT_EMIT_LOC_STRINGS = NO;
				SWIFT_VERSION = 5.0;
				TARGETED_DEVICE_FAMILY = "1,2,7";
				TEST_HOST = "$(BUILT_PRODUCTS_DIR)/Grokking.app/$(BUNDLE_EXECUTABLE_FOLDER_PATH)/Grokking";
				XROS_DEPLOYMENT_TARGET = 2.5;
			};
			name = Debug;
		};
		8EF3EFC12E7876190082EB25 /* Release */ = {
			isa = XCBuildConfiguration;
			buildSettings = {
				BUNDLE_LOADER = "$(TEST_HOST)";
				CODE_SIGN_STYLE = Automatic;
				CURRENT_PROJECT_VERSION = 1;
				GENERATE_INFOPLIST_FILE = YES;
				IPHONEOS_DEPLOYMENT_TARGET = 18.5;
				MACOSX_DEPLOYMENT_TARGET = 15.5;
				MARKETING_VERSION = 1.0;
				PRODUCT_BUNDLE_IDENTIFIER = com.neophyte.GrokkingTests;
				PRODUCT_NAME = "$(TARGET_NAME)";
				SDKROOT = auto;
				SUPPORTED_PLATFORMS = "iphoneos iphonesimulator macosx xros xrsimulator";
				SWIFT_EMIT_LOC_STRINGS = NO;
				SWIFT_VERSION = 5.0;
				TARGETED_DEVICE_FAMILY = "1,2,7";
				TEST_HOST = "$(BUILT_PRODUCTS_DIR)/Grokking.app/$(BUNDLE_EXECUTABLE_FOLDER_PATH)/Grokking";
				XROS_DEPLOYMENT_TARGET = 2.5;
			};
			name = Release;
		};
		8EF3EFC32E7876190082EB25 /* Debug */ = {
			isa = XCBuildConfiguration;
			buildSettings = {
				CODE_SIGN_STYLE = Automatic;
				CURRENT_PROJECT_VERSION = 1;
				GENERATE_INFOPLIST_FILE = YES;
				IPHONEOS_DEPLOYMENT_TARGET = 18.5;
				MACOSX_DEPLOYMENT_TARGET = 15.5;
				MARKETING_VERSION = 1.0;
				PRODUCT_BUNDLE_IDENTIFIER = com.neophyte.GrokkingUITests;
				PRODUCT_NAME = "$(TARGET_NAME)";
				SDKROOT = auto;
				SUPPORTED_PLATFORMS = "iphoneos iphonesimulator macosx xros xrsimulator";
				SWIFT_EMIT_LOC_STRINGS = NO;
				SWIFT_VERSION = 5.0;
				TARGETED_DEVICE_FAMILY = "1,2,7";
				TEST_TARGET_NAME = Grokking;
				XROS_DEPLOYMENT_TARGET = 2.5;
			};
			name = Debug;
		};
		8EF3EFC42E7876190082EB25 /* Release */ = {
			isa = XCBuildConfiguration;
			buildSettings = {
				CODE_SIGN_STYLE = Automatic;
				CURRENT_PROJECT_VERSION = 1;
				GENERATE_INFOPLIST_FILE = YES;
				IPHONEOS_DEPLOYMENT_TARGET = 18.5;
				MACOSX_DEPLOYMENT_TARGET = 15.5;
				MARKETING_VERSION = 1.0;
				PRODUCT_BUNDLE_IDENTIFIER = com.neophyte.GrokkingUITests;
				PRODUCT_NAME = "$(TARGET_NAME)";
				SDKROOT = auto;
				SUPPORTED_PLATFORMS = "iphoneos iphonesimulator macosx xros xrsimulator";
				SWIFT_EMIT_LOC_STRINGS = NO;
				SWIFT_VERSION = 5.0;
				TARGETED_DEVICE_FAMILY = "1,2,7";
				TEST_TARGET_NAME = Grokking;
				XROS_DEPLOYMENT_TARGET = 2.5;
			};
			name = Release;
		};
/* End XCBuildConfiguration section */

/* Begin XCConfigurationList section */
		8EF3EF952E7876160082EB25 /* Build configuration list for PBXProject "Grokking" */ = {
			isa = XCConfigurationList;
			buildConfigurations = (
				8EF3EFBA2E7876190082EB25 /* Debug */,
				8EF3EFBB2E7876190082EB25 /* Release */,
			);
			defaultConfigurationIsVisible = 0;
			defaultConfigurationName = Release;
		};
		8EF3EFBC2E7876190082EB25 /* Build configuration list for PBXNativeTarget "Grokking" */ = {
			isa = XCConfigurationList;
			buildConfigurations = (
				8EF3EFBD2E7876190082EB25 /* Debug */,
				8EF3EFBE2E7876190082EB25 /* Release */,
			);
			defaultConfigurationIsVisible = 0;
			defaultConfigurationName = Release;
		};
		8EF3EFBF2E7876190082EB25 /* Build configuration list for PBXNativeTarget "GrokkingTests" */ = {
			isa = XCConfigurationList;
			buildConfigurations = (
				8EF3EFC02E7876190082EB25 /* Debug */,
				8EF3EFC12E7876190082EB25 /* Release */,
			);
			defaultConfigurationIsVisible = 0;
			defaultConfigurationName = Release;
		};
		8EF3EFC22E7876190082EB25 /* Build configuration list for PBXNativeTarget "GrokkingUITests" */ = {
			isa = XCConfigurationList;
			buildConfigurations = (
				8EF3EFC32E7876190082EB25 /* Debug */,
				8EF3EFC42E7876190082EB25 /* Release */,
			);
			defaultConfigurationIsVisible = 0;
			defaultConfigurationName = Release;
		};
/* End XCConfigurationList section */
	};
	rootObject = 8EF3EF922E7876160082EB25 /* Project object */;
}
